// !$*UTF8*$!
{
	archiveVersion = 1;
	classes = {
	};
	objectVersion = 55;
	objects = {

/* Begin PBXBuildFile section */
		343950BC27C0A34700E499B4 /* AppDelegate.swift in Sources */ = {isa = PBXBuildFile; fileRef = 343950BB27C0A34700E499B4 /* AppDelegate.swift */; };
		343950BE27C0A34700E499B4 /* SceneDelegate.swift in Sources */ = {isa = PBXBuildFile; fileRef = 343950BD27C0A34700E499B4 /* SceneDelegate.swift */; };
		343950C027C0A34700E499B4 /* ViewController.swift in Sources */ = {isa = PBXBuildFile; fileRef = 343950BF27C0A34700E499B4 /* ViewController.swift */; };
		343950C327C0A34700E499B4 /* Main.storyboard in Resources */ = {isa = PBXBuildFile; fileRef = 343950C127C0A34700E499B4 /* Main.storyboard */; };
		343950C627C0A34700E499B4 /* assignment1.xcdatamodeld in Sources */ = {isa = PBXBuildFile; fileRef = 343950C427C0A34700E499B4 /* assignment1.xcdatamodeld */; };
		343950C827C0A34900E499B4 /* Assets.xcassets in Resources */ = {isa = PBXBuildFile; fileRef = 343950C727C0A34900E499B4 /* Assets.xcassets */; };
		343950CB27C0A34900E499B4 /* LaunchScreen.storyboard in Resources */ = {isa = PBXBuildFile; fileRef = 343950C927C0A34900E499B4 /* LaunchScreen.storyboard */; };
		343950D627C0A34900E499B4 /* assignment1Tests.swift in Sources */ = {isa = PBXBuildFile; fileRef = 343950D527C0A34900E499B4 /* assignment1Tests.swift */; };
		343950E027C0A34900E499B4 /* assignment1UITests.swift in Sources */ = {isa = PBXBuildFile; fileRef = 343950DF27C0A34900E499B4 /* assignment1UITests.swift */; };
		343950E227C0A34900E499B4 /* assignment1UITestsLaunchTests.swift in Sources */ = {isa = PBXBuildFile; fileRef = 343950E127C0A34900E499B4 /* assignment1UITestsLaunchTests.swift */; };
		349AC19528249A5200648C87 /* Assessment.swift in Sources */ = {isa = PBXBuildFile; fileRef = 349AC19428249A5100648C87 /* Assessment.swift */; };
		349AC19728249A6200648C87 /* Course.swift in Sources */ = {isa = PBXBuildFile; fileRef = 349AC19628249A6200648C87 /* Course.swift */; };
		349AC1992824B0CB00648C87 /* RowItem.swift in Sources */ = {isa = PBXBuildFile; fileRef = 349AC1982824B0CB00648C87 /* RowItem.swift */; };
/* End PBXBuildFile section */

/* Begin PBXContainerItemProxy section */
		343950D227C0A34900E499B4 /* PBXContainerItemProxy */ = {
			isa = PBXContainerItemProxy;
			containerPortal = 343950B027C0A34700E499B4 /* Project object */;
			proxyType = 1;
			remoteGlobalIDString = 343950B727C0A34700E499B4;
			remoteInfo = assignment1;
		};
		343950DC27C0A34900E499B4 /* PBXContainerItemProxy */ = {
			isa = PBXContainerItemProxy;
			containerPortal = 343950B027C0A34700E499B4 /* Project object */;
			proxyType = 1;
			remoteGlobalIDString = 343950B727C0A34700E499B4;
			remoteInfo = assignment1;
		};
/* End PBXContainerItemProxy section */

/* Begin PBXFileReference section */
		343950B827C0A34700E499B4 /* assignment1.app */ = {isa = PBXFileReference; explicitFileType = wrapper.application; includeInIndex = 0; path = assignment1.app; sourceTree = BUILT_PRODUCTS_DIR; };
		343950BB27C0A34700E499B4 /* AppDelegate.swift */ = {isa = PBXFileReference; lastKnownFileType = sourcecode.swift; path = AppDelegate.swift; sourceTree = "<group>"; };
		343950BD27C0A34700E499B4 /* SceneDelegate.swift */ = {isa = PBXFileReference; lastKnownFileType = sourcecode.swift; path = SceneDelegate.swift; sourceTree = "<group>"; };
		343950BF27C0A34700E499B4 /* ViewController.swift */ = {isa = PBXFileReference; lastKnownFileType = sourcecode.swift; path = ViewController.swift; sourceTree = "<group>"; };
		343950C227C0A34700E499B4 /* Base */ = {isa = PBXFileReference; lastKnownFileType = file.storyboard; name = Base; path = Base.lproj/Main.storyboard; sourceTree = "<group>"; };
		343950C527C0A34700E499B4 /* assignment1.xcdatamodel */ = {isa = PBXFileReference; lastKnownFileType = wrapper.xcdatamodel; path = assignment1.xcdatamodel; sourceTree = "<group>"; };
		343950C727C0A34900E499B4 /* Assets.xcassets */ = {isa = PBXFileReference; lastKnownFileType = folder.assetcatalog; path = Assets.xcassets; sourceTree = "<group>"; };
		343950CA27C0A34900E499B4 /* Base */ = {isa = PBXFileReference; lastKnownFileType = file.storyboard; name = Base; path = Base.lproj/LaunchScreen.storyboard; sourceTree = "<group>"; };
		343950CC27C0A34900E499B4 /* Info.plist */ = {isa = PBXFileReference; lastKnownFileType = text.plist.xml; path = Info.plist; sourceTree = "<group>"; };
		343950D127C0A34900E499B4 /* assignment1Tests.xctest */ = {isa = PBXFileReference; explicitFileType = wrapper.cfbundle; includeInIndex = 0; path = assignment1Tests.xctest; sourceTree = BUILT_PRODUCTS_DIR; };
		343950D527C0A34900E499B4 /* assignment1Tests.swift */ = {isa = PBXFileReference; lastKnownFileType = sourcecode.swift; path = assignment1Tests.swift; sourceTree = "<group>"; };
		343950DB27C0A34900E499B4 /* assignment1UITests.xctest */ = {isa = PBXFileReference; explicitFileType = wrapper.cfbundle; includeInIndex = 0; path = assignment1UITests.xctest; sourceTree = BUILT_PRODUCTS_DIR; };
		343950DF27C0A34900E499B4 /* assignment1UITests.swift */ = {isa = PBXFileReference; lastKnownFileType = sourcecode.swift; path = assignment1UITests.swift; sourceTree = "<group>"; };
		343950E127C0A34900E499B4 /* assignment1UITestsLaunchTests.swift */ = {isa = PBXFileReference; lastKnownFileType = sourcecode.swift; path = assignment1UITestsLaunchTests.swift; sourceTree = "<group>"; };
		349AC19428249A5100648C87 /* Assessment.swift */ = {isa = PBXFileReference; lastKnownFileType = sourcecode.swift; path = Assessment.swift; sourceTree = "<group>"; };
		349AC19628249A6200648C87 /* Course.swift */ = {isa = PBXFileReference; lastKnownFileType = sourcecode.swift; path = Course.swift; sourceTree = "<group>"; };
		349AC1982824B0CB00648C87 /* RowItem.swift */ = {isa = PBXFileReference; lastKnownFileType = sourcecode.swift; path = RowItem.swift; sourceTree = "<group>"; };
/* End PBXFileReference section */

/* Begin PBXFrameworksBuildPhase section */
		343950B527C0A34700E499B4 /* Frameworks */ = {
			isa = PBXFrameworksBuildPhase;
			buildActionMask = 2147483647;
			files = (
			);
			runOnlyForDeploymentPostprocessing = 0;
		};
		343950CE27C0A34900E499B4 /* Frameworks */ = {
			isa = PBXFrameworksBuildPhase;
			buildActionMask = 2147483647;
			files = (
			);
			runOnlyForDeploymentPostprocessing = 0;
		};
		343950D827C0A34900E499B4 /* Frameworks */ = {
			isa = PBXFrameworksBuildPhase;
			buildActionMask = 2147483647;
			files = (
			);
			runOnlyForDeploymentPostprocessing = 0;
		};
/* End PBXFrameworksBuildPhase section */

/* Begin PBXGroup section */
		343950AF27C0A34700E499B4 = {
			isa = PBXGroup;
			children = (
				343950BA27C0A34700E499B4 /* assignment1 */,
				343950D427C0A34900E499B4 /* assignment1Tests */,
				343950DE27C0A34900E499B4 /* assignment1UITests */,
				343950B927C0A34700E499B4 /* Products */,
			);
			sourceTree = "<group>";
		};
		343950B927C0A34700E499B4 /* Products */ = {
			isa = PBXGroup;
			children = (
				343950B827C0A34700E499B4 /* assignment1.app */,
				343950D127C0A34900E499B4 /* assignment1Tests.xctest */,
				343950DB27C0A34900E499B4 /* assignment1UITests.xctest */,
			);
			name = Products;
			sourceTree = "<group>";
		};
		343950BA27C0A34700E499B4 /* assignment1 */ = {
			isa = PBXGroup;
			children = (
				343950BB27C0A34700E499B4 /* AppDelegate.swift */,
				343950BD27C0A34700E499B4 /* SceneDelegate.swift */,
				343950BF27C0A34700E499B4 /* ViewController.swift */,
				343950C127C0A34700E499B4 /* Main.storyboard */,
				343950C727C0A34900E499B4 /* Assets.xcassets */,
				343950C927C0A34900E499B4 /* LaunchScreen.storyboard */,
				343950CC27C0A34900E499B4 /* Info.plist */,
				343950C427C0A34700E499B4 /* assignment1.xcdatamodeld */,
				349AC19428249A5100648C87 /* Assessment.swift */,
				349AC19628249A6200648C87 /* Course.swift */,
				349AC1982824B0CB00648C87 /* RowItem.swift */,
			);
			path = assignment1;
			sourceTree = "<group>";
		};
		343950D427C0A34900E499B4 /* assignment1Tests */ = {
			isa = PBXGroup;
			children = (
				343950D527C0A34900E499B4 /* assignment1Tests.swift */,
			);
			path = assignment1Tests;
			sourceTree = "<group>";
		};
		343950DE27C0A34900E499B4 /* assignment1UITests */ = {
			isa = PBXGroup;
			children = (
				343950DF27C0A34900E499B4 /* assignment1UITests.swift */,
				343950E127C0A34900E499B4 /* assignment1UITestsLaunchTests.swift */,
			);
			path = assignment1UITests;
			sourceTree = "<group>";
		};
/* End PBXGroup section */

/* Begin PBXNativeTarget section */
		343950B727C0A34700E499B4 /* assignment1 */ = {
			isa = PBXNativeTarget;
			buildConfigurationList = 343950E527C0A34900E499B4 /* Build configuration list for PBXNativeTarget "assignment1" */;
			buildPhases = (
				343950B427C0A34700E499B4 /* Sources */,
				343950B527C0A34700E499B4 /* Frameworks */,
				343950B627C0A34700E499B4 /* Resources */,
			);
			buildRules = (
			);
			dependencies = (
			);
			name = assignment1;
			productName = assignment1;
			productReference = 343950B827C0A34700E499B4 /* assignment1.app */;
			productType = "com.apple.product-type.application";
		};
		343950D027C0A34900E499B4 /* assignment1Tests */ = {
			isa = PBXNativeTarget;
			buildConfigurationList = 343950E827C0A34900E499B4 /* Build configuration list for PBXNativeTarget "assignment1Tests" */;
			buildPhases = (
				343950CD27C0A34900E499B4 /* Sources */,
				343950CE27C0A34900E499B4 /* Frameworks */,
				343950CF27C0A34900E499B4 /* Resources */,
			);
			buildRules = (
			);
			dependencies = (
				343950D327C0A34900E499B4 /* PBXTargetDependency */,
			);
			name = assignment1Tests;
			productName = assignment1Tests;
			productReference = 343950D127C0A34900E499B4 /* assignment1Tests.xctest */;
			productType = "com.apple.product-type.bundle.unit-test";
		};
		343950DA27C0A34900E499B4 /* assignment1UITests */ = {
			isa = PBXNativeTarget;
			buildConfigurationList = 343950EB27C0A34900E499B4 /* Build configuration list for PBXNativeTarget "assignment1UITests" */;
			buildPhases = (
				343950D727C0A34900E499B4 /* Sources */,
				343950D827C0A34900E499B4 /* Frameworks */,
				343950D927C0A34900E499B4 /* Resources */,
			);
			buildRules = (
			);
			dependencies = (
				343950DD27C0A34900E499B4 /* PBXTargetDependency */,
			);
			name = assignment1UITests;
			productName = assignment1UITests;
			productReference = 343950DB27C0A34900E499B4 /* assignment1UITests.xctest */;
			productType = "com.apple.product-type.bundle.ui-testing";
		};
/* End PBXNativeTarget section */

/* Begin PBXProject section */
		343950B027C0A34700E499B4 /* Project object */ = {
			isa = PBXProject;
			attributes = {
				BuildIndependentTargetsInParallel = 1;
				LastSwiftUpdateCheck = 1320;
				LastUpgradeCheck = 1320;
				TargetAttributes = {
					343950B727C0A34700E499B4 = {
						CreatedOnToolsVersion = 13.2.1;
					};
					343950D027C0A34900E499B4 = {
						CreatedOnToolsVersion = 13.2.1;
						TestTargetID = 343950B727C0A34700E499B4;
					};
					343950DA27C0A34900E499B4 = {
						CreatedOnToolsVersion = 13.2.1;
						TestTargetID = 343950B727C0A34700E499B4;
					};
				};
			};
			buildConfigurationList = 343950B327C0A34700E499B4 /* Build configuration list for PBXProject "assignment1" */;
			compatibilityVersion = "Xcode 13.0";
			developmentRegion = en;
			hasScannedForEncodings = 0;
			knownRegions = (
				en,
				Base,
			);
			mainGroup = 343950AF27C0A34700E499B4;
			productRefGroup = 343950B927C0A34700E499B4 /* Products */;
			projectDirPath = "";
			projectRoot = "";
			targets = (
				343950B727C0A34700E499B4 /* assignment1 */,
				343950D027C0A34900E499B4 /* assignment1Tests */,
				343950DA27C0A34900E499B4 /* assignment1UITests */,
			);
		};
/* End PBXProject section */

/* Begin PBXResourcesBuildPhase section */
		343950B627C0A34700E499B4 /* Resources */ = {
			isa = PBXResourcesBuildPhase;
			buildActionMask = 2147483647;
			files = (
				343950CB27C0A34900E499B4 /* LaunchScreen.storyboard in Resources */,
				343950C827C0A34900E499B4 /* Assets.xcassets in Resources */,
				343950C327C0A34700E499B4 /* Main.storyboard in Resources */,
			);
			runOnlyForDeploymentPostprocessing = 0;
		};
		343950CF27C0A34900E499B4 /* Resources */ = {
			isa = PBXResourcesBuildPhase;
			buildActionMask = 2147483647;
			files = (
			);
			runOnlyForDeploymentPostprocessing = 0;
		};
		343950D927C0A34900E499B4 /* Resources */ = {
			isa = PBXResourcesBuildPhase;
			buildActionMask = 2147483647;
			files = (
			);
			runOnlyForDeploymentPostprocessing = 0;
		};
/* End PBXResourcesBuildPhase section */

/* Begin PBXSourcesBuildPhase section */
		343950B427C0A34700E499B4 /* Sources */ = {
			isa = PBXSourcesBuildPhase;
			buildActionMask = 2147483647;
			files = (
				349AC19728249A6200648C87 /* Course.swift in Sources */,
				349AC1992824B0CB00648C87 /* RowItem.swift in Sources */,
				343950C027C0A34700E499B4 /* ViewController.swift in Sources */,
				343950BC27C0A34700E499B4 /* AppDelegate.swift in Sources */,
				343950C627C0A34700E499B4 /* assignment1.xcdatamodeld in Sources */,
				343950BE27C0A34700E499B4 /* SceneDelegate.swift in Sources */,
				349AC19528249A5200648C87 /* Assessment.swift in Sources */,
			);
			runOnlyForDeploymentPostprocessing = 0;
		};
		343950CD27C0A34900E499B4 /* Sources */ = {
			isa = PBXSourcesBuildPhase;
			buildActionMask = 2147483647;
			files = (
				343950D627C0A34900E499B4 /* assignment1Tests.swift in Sources */,
			);
			runOnlyForDeploymentPostprocessing = 0;
		};
		343950D727C0A34900E499B4 /* Sources */ = {
			isa = PBXSourcesBuildPhase;
			buildActionMask = 2147483647;
			files = (
				343950E027C0A34900E499B4 /* assignment1UITests.swift in Sources */,
				343950E227C0A34900E499B4 /* assignment1UITestsLaunchTests.swift in Sources */,
			);
			runOnlyForDeploymentPostprocessing = 0;
		};
/* End PBXSourcesBuildPhase section */

/* Begin PBXTargetDependency section */
		343950D327C0A34900E499B4 /* PBXTargetDependency */ = {
			isa = PBXTargetDependency;
			target = 343950B727C0A34700E499B4 /* assignment1 */;
			targetProxy = 343950D227C0A34900E499B4 /* PBXContainerItemProxy */;
		};
		343950DD27C0A34900E499B4 /* PBXTargetDependency */ = {
			isa = PBXTargetDependency;
			target = 343950B727C0A34700E499B4 /* assignment1 */;
			targetProxy = 343950DC27C0A34900E499B4 /* PBXContainerItemProxy */;
		};
/* End PBXTargetDependency section */

/* Begin PBXVariantGroup section */
		343950C127C0A34700E499B4 /* Main.storyboard */ = {
			isa = PBXVariantGroup;
			children = (
				343950C227C0A34700E499B4 /* Base */,
			);
			name = Main.storyboard;
			sourceTree = "<group>";
		};
		343950C927C0A34900E499B4 /* LaunchScreen.storyboard */ = {
			isa = PBXVariantGroup;
			children = (
				343950CA27C0A34900E499B4 /* Base */,
			);
			name = LaunchScreen.storyboard;
			sourceTree = "<group>";
		};
/* End PBXVariantGroup section */

/* Begin XCBuildConfiguration section */
		343950E327C0A34900E499B4 /* Debug */ = {
			isa = XCBuildConfiguration;
			buildSettings = {
				ALWAYS_SEARCH_USER_PATHS = NO;
				CLANG_ANALYZER_NONNULL = YES;
				CLANG_ANALYZER_NUMBER_OBJECT_CONVERSION = YES_AGGRESSIVE;
				CLANG_CXX_LANGUAGE_STANDARD = "gnu++17";
				CLANG_CXX_LIBRARY = "libc++";
				CLANG_ENABLE_MODULES = YES;
				CLANG_ENABLE_OBJC_ARC = YES;
				CLANG_ENABLE_OBJC_WEAK = YES;
				CLANG_WARN_BLOCK_CAPTURE_AUTORELEASING = YES;
				CLANG_WARN_BOOL_CONVERSION = YES;
				CLANG_WARN_COMMA = YES;
				CLANG_WARN_CONSTANT_CONVERSION = YES;
				CLANG_WARN_DEPRECATED_OBJC_IMPLEMENTATIONS = YES;
				CLANG_WARN_DIRECT_OBJC_ISA_USAGE = YES_ERROR;
				CLANG_WARN_DOCUMENTATION_COMMENTS = YES;
				CLANG_WARN_EMPTY_BODY = YES;
				CLANG_WARN_ENUM_CONVERSION = YES;
				CLANG_WARN_INFINITE_RECURSION = YES;
				CLANG_WARN_INT_CONVERSION = YES;
				CLANG_WARN_NON_LITERAL_NULL_CONVERSION = YES;
				CLANG_WARN_OBJC_IMPLICIT_RETAIN_SELF = YES;
				CLANG_WARN_OBJC_LITERAL_CONVERSION = YES;
				CLANG_WARN_OBJC_ROOT_CLASS = YES_ERROR;
				CLANG_WARN_QUOTED_INCLUDE_IN_FRAMEWORK_HEADER = YES;
				CLANG_WARN_RANGE_LOOP_ANALYSIS = YES;
				CLANG_WARN_STRICT_PROTOTYPES = YES;
				CLANG_WARN_SUSPICIOUS_MOVE = YES;
				CLANG_WARN_UNGUARDED_AVAILABILITY = YES_AGGRESSIVE;
				CLANG_WARN_UNREACHABLE_CODE = YES;
				CLANG_WARN__DUPLICATE_METHOD_MATCH = YES;
				COPY_PHASE_STRIP = NO;
				DEBUG_INFORMATION_FORMAT = dwarf;
				ENABLE_STRICT_OBJC_MSGSEND = YES;
				ENABLE_TESTABILITY = YES;
				GCC_C_LANGUAGE_STANDARD = gnu11;
				GCC_DYNAMIC_NO_PIC = NO;
				GCC_NO_COMMON_BLOCKS = YES;
				GCC_OPTIMIZATION_LEVEL = 0;
				GCC_PREPROCESSOR_DEFINITIONS = (
					"DEBUG=1",
					"$(inherited)",
				);
				GCC_WARN_64_TO_32_BIT_CONVERSION = YES;
				GCC_WARN_ABOUT_RETURN_TYPE = YES_ERROR;
				GCC_WARN_UNDECLARED_SELECTOR = YES;
				GCC_WARN_UNINITIALIZED_AUTOS = YES_AGGRESSIVE;
				GCC_WARN_UNUSED_FUNCTION = YES;
				GCC_WARN_UNUSED_VARIABLE = YES;
				IPHONEOS_DEPLOYMENT_TARGET = 15.2;
				MTL_ENABLE_DEBUG_INFO = INCLUDE_SOURCE;
				MTL_FAST_MATH = YES;
				ONLY_ACTIVE_ARCH = YES;
				SDKROOT = iphoneos;
				SWIFT_ACTIVE_COMPILATION_CONDITIONS = DEBUG;
				SWIFT_OPTIMIZATION_LEVEL = "-Onone";
			};
			name = Debug;
		};
		343950E427C0A34900E499B4 /* Release */ = {
			isa = XCBuildConfiguration;
			buildSettings = {
				ALWAYS_SEARCH_USER_PATHS = NO;
				CLANG_ANALYZER_NONNULL = YES;
				CLANG_ANALYZER_NUMBER_OBJECT_CONVERSION = YES_AGGRESSIVE;
				CLANG_CXX_LANGUAGE_STANDARD = "gnu++17";
				CLANG_CXX_LIBRARY = "libc++";
				CLANG_ENABLE_MODULES = YES;
				CLANG_ENABLE_OBJC_ARC = YES;
				CLANG_ENABLE_OBJC_WEAK = YES;
				CLANG_WARN_BLOCK_CAPTURE_AUTORELEASING = YES;
				CLANG_WARN_BOOL_CONVERSION = YES;
				CLANG_WARN_COMMA = YES;
				CLANG_WARN_CONSTANT_CONVERSION = YES;
				CLANG_WARN_DEPRECATED_OBJC_IMPLEMENTATIONS = YES;
				CLANG_WARN_DIRECT_OBJC_ISA_USAGE = YES_ERROR;
				CLANG_WARN_DOCUMENTATION_COMMENTS = YES;
				CLANG_WARN_EMPTY_BODY = YES;
				CLANG_WARN_ENUM_CONVERSION = YES;
				CLANG_WARN_INFINITE_RECURSION = YES;
				CLANG_WARN_INT_CONVERSION = YES;
				CLANG_WARN_NON_LITERAL_NULL_CONVERSION = YES;
				CLANG_WARN_OBJC_IMPLICIT_RETAIN_SELF = YES;
				CLANG_WARN_OBJC_LITERAL_CONVERSION = YES;
				CLANG_WARN_OBJC_ROOT_CLASS = YES_ERROR;
				CLANG_WARN_QUOTED_INCLUDE_IN_FRAMEWORK_HEADER = YES;
				CLANG_WARN_RANGE_LOOP_ANALYSIS = YES;
				CLANG_WARN_STRICT_PROTOTYPES = YES;
				CLANG_WARN_SUSPICIOUS_MOVE = YES;
				CLANG_WARN_UNGUARDED_AVAILABILITY = YES_AGGRESSIVE;
				CLANG_WARN_UNREACHABLE_CODE = YES;
				CLANG_WARN__DUPLICATE_METHOD_MATCH = YES;
				COPY_PHASE_STRIP = NO;
				DEBUG_INFORMATION_FORMAT = "dwarf-with-dsym";
				ENABLE_NS_ASSERTIONS = NO;
				ENABLE_STRICT_OBJC_MSGSEND = YES;
				GCC_C_LANGUAGE_STANDARD = gnu11;
				GCC_NO_COMMON_BLOCKS = YES;
				GCC_WARN_64_TO_32_BIT_CONVERSION = YES;
				GCC_WARN_ABOUT_RETURN_TYPE = YES_ERROR;
				GCC_WARN_UNDECLARED_SELECTOR = YES;
				GCC_WARN_UNINITIALIZED_AUTOS = YES_AGGRESSIVE;
				GCC_WARN_UNUSED_FUNCTION = YES;
				GCC_WARN_UNUSED_VARIABLE = YES;
				IPHONEOS_DEPLOYMENT_TARGET = 15.2;
				MTL_ENABLE_DEBUG_INFO = NO;
				MTL_FAST_MATH = YES;
				SDKROOT = iphoneos;
				SWIFT_COMPILATION_MODE = wholemodule;
				SWIFT_OPTIMIZATION_LEVEL = "-O";
				VALIDATE_PRODUCT = YES;
			};
			name = Release;
		};
		343950E627C0A34900E499B4 /* Debug */ = {
			isa = XCBuildConfiguration;
			buildSettings = {
				ASSETCATALOG_COMPILER_APPICON_NAME = AppIcon;
				ASSETCATALOG_COMPILER_GLOBAL_ACCENT_COLOR_NAME = AccentColor;
				CODE_SIGN_STYLE = Automatic;
				CURRENT_PROJECT_VERSION = 1;
				GENERATE_INFOPLIST_FILE = YES;
				INFOPLIST_FILE = assignment1/Info.plist;
				INFOPLIST_KEY_UIApplicationSupportsIndirectInputEvents = YES;
				INFOPLIST_KEY_UILaunchStoryboardName = LaunchScreen;
				INFOPLIST_KEY_UIMainStoryboardFile = Main;
				INFOPLIST_KEY_UISupportedInterfaceOrientations = UIInterfaceOrientationPortrait;
				INFOPLIST_KEY_UISupportedInterfaceOrientations_iPad = "UIInterfaceOrientationPortrait UIInterfaceOrientationPortraitUpsideDown UIInterfaceOrientationLandscapeLeft UIInterfaceOrientationLandscapeRight";
				INFOPLIST_KEY_UISupportedInterfaceOrientations_iPhone = "UIInterfaceOrientationPortrait UIInterfaceOrientationLandscapeLeft UIInterfaceOrientationLandscapeRight";
				LD_RUNPATH_SEARCH_PATHS = (
					"$(inherited)",
					"@executable_path/Frameworks",
				);
				MARKETING_VERSION = 1.0;
				PRODUCT_BUNDLE_IDENTIFIER = cmsc428.assignment1;
				PRODUCT_NAME = "$(TARGET_NAME)";
				SWIFT_EMIT_LOC_STRINGS = YES;
				SWIFT_VERSION = 5.0;
				TARGETED_DEVICE_FAMILY = "1,2";
			};
			name = Debug;
		};
		343950E727C0A34900E499B4 /* Release */ = {
			isa = XCBuildConfiguration;
			buildSettings = {
				ASSETCATALOG_COMPILER_APPICON_NAME = AppIcon;
				ASSETCATALOG_COMPILER_GLOBAL_ACCENT_COLOR_NAME = AccentColor;
				CODE_SIGN_STYLE = Automatic;
				CURRENT_PROJECT_VERSION = 1;
				GENERATE_INFOPLIST_FILE = YES;
				INFOPLIST_FILE = assignment1/Info.plist;
				INFOPLIST_KEY_UIApplicationSupportsIndirectInputEvents = YES;
				INFOPLIST_KEY_UILaunchStoryboardName = LaunchScreen;
				INFOPLIST_KEY_UIMainStoryboardFile = Main;
				INFOPLIST_KEY_UISupportedInterfaceOrientations = UIInterfaceOrientationPortrait;
				INFOPLIST_KEY_UISupportedInterfaceOrientations_iPad = "UIInterfaceOrientationPortrait UIInterfaceOrientationPortraitUpsideDown UIInterfaceOrientationLandscapeLeft UIInterfaceOrientationLandscapeRight";
				INFOPLIST_KEY_UISupportedInterfaceOrientations_iPhone = "UIInterfaceOrientationPortrait UIInterfaceOrientationLandscapeLeft UIInterfaceOrientationLandscapeRight";
				LD_RUNPATH_SEARCH_PATHS = (
					"$(inherited)",
					"@executable_path/Frameworks",
				);
				MARKETING_VERSION = 1.0;
				PRODUCT_BUNDLE_IDENTIFIER = cmsc428.assignment1;
				PRODUCT_NAME = "$(TARGET_NAME)";
				SWIFT_EMIT_LOC_STRINGS = YES;
				SWIFT_VERSION = 5.0;
				TARGETED_DEVICE_FAMILY = "1,2";
			};
			name = Release;
		};
		343950E927C0A34900E499B4 /* Debug */ = {
			isa = XCBuildConfiguration;
			buildSettings = {
				ALWAYS_EMBED_SWIFT_STANDARD_LIBRARIES = YES;
				BUNDLE_LOADER = "$(TEST_HOST)";
				CODE_SIGN_STYLE = Automatic;
				CURRENT_PROJECT_VERSION = 1;
				GENERATE_INFOPLIST_FILE = YES;
				IPHONEOS_DEPLOYMENT_TARGET = 15.2;
				MARKETING_VERSION = 1.0;
				PRODUCT_BUNDLE_IDENTIFIER = cmsc428.assignment1Tests;
				PRODUCT_NAME = "$(TARGET_NAME)";
				SWIFT_EMIT_LOC_STRINGS = NO;
				SWIFT_VERSION = 5.0;
				TARGETED_DEVICE_FAMILY = "1,2";
				TEST_HOST = "$(BUILT_PRODUCTS_DIR)/assignment1.app/assignment1";
			};
			name = Debug;
		};
		343950EA27C0A34900E499B4 /* Release */ = {
			isa = XCBuildConfiguration;
			buildSettings = {
				ALWAYS_EMBED_SWIFT_STANDARD_LIBRARIES = YES;
				BUNDLE_LOADER = "$(TEST_HOST)";
				CODE_SIGN_STYLE = Automatic;
				CURRENT_PROJECT_VERSION = 1;
				GENERATE_INFOPLIST_FILE = YES;
				IPHONEOS_DEPLOYMENT_TARGET = 15.2;
				MARKETING_VERSION = 1.0;
				PRODUCT_BUNDLE_IDENTIFIER = cmsc428.assignment1Tests;
				PRODUCT_NAME = "$(TARGET_NAME)";
				SWIFT_EMIT_LOC_STRINGS = NO;
				SWIFT_VERSION = 5.0;
				TARGETED_DEVICE_FAMILY = "1,2";
				TEST_HOST = "$(BUILT_PRODUCTS_DIR)/assignment1.app/assignment1";
			};
			name = Release;
		};
		343950EC27C0A34900E499B4 /* Debug */ = {
			isa = XCBuildConfiguration;
			buildSettings = {
				ALWAYS_EMBED_SWIFT_STANDARD_LIBRARIES = YES;
				CODE_SIGN_STYLE = Automatic;
				CURRENT_PROJECT_VERSION = 1;
				GENERATE_INFOPLIST_FILE = YES;
				MARKETING_VERSION = 1.0;
				PRODUCT_BUNDLE_IDENTIFIER = cmsc428.assignment1UITests;
				PRODUCT_NAME = "$(TARGET_NAME)";
				SWIFT_EMIT_LOC_STRINGS = NO;
				SWIFT_VERSION = 5.0;
				TARGETED_DEVICE_FAMILY = "1,2";
				TEST_TARGET_NAME = assignment1;
			};
			name = Debug;
		};
		343950ED27C0A34900E499B4 /* Release */ = {
			isa = XCBuildConfiguration;
			buildSettings = {
				ALWAYS_EMBED_SWIFT_STANDARD_LIBRARIES = YES;
				CODE_SIGN_STYLE = Automatic;
				CURRENT_PROJECT_VERSION = 1;
				GENERATE_INFOPLIST_FILE = YES;
				MARKETING_VERSION = 1.0;
				PRODUCT_BUNDLE_IDENTIFIER = cmsc428.assignment1UITests;
				PRODUCT_NAME = "$(TARGET_NAME)";
				SWIFT_EMIT_LOC_STRINGS = NO;
				SWIFT_VERSION = 5.0;
				TARGETED_DEVICE_FAMILY = "1,2";
				TEST_TARGET_NAME = assignment1;
			};
			name = Release;
		};
/* End XCBuildConfiguration section */

/* Begin XCConfigurationList section */
		343950B327C0A34700E499B4 /* Build configuration list for PBXProject "assignment1" */ = {
			isa = XCConfigurationList;
			buildConfigurations = (
				343950E327C0A34900E499B4 /* Debug */,
				343950E427C0A34900E499B4 /* Release */,
			);
			defaultConfigurationIsVisible = 0;
			defaultConfigurationName = Release;
		};
		343950E527C0A34900E499B4 /* Build configuration list for PBXNativeTarget "assignment1" */ = {
			isa = XCConfigurationList;
			buildConfigurations = (
				343950E627C0A34900E499B4 /* Debug */,
				343950E727C0A34900E499B4 /* Release */,
			);
			defaultConfigurationIsVisible = 0;
			defaultConfigurationName = Release;
		};
		343950E827C0A34900E499B4 /* Build configuration list for PBXNativeTarget "assignment1Tests" */ = {
			isa = XCConfigurationList;
			buildConfigurations = (
				343950E927C0A34900E499B4 /* Debug */,
				343950EA27C0A34900E499B4 /* Release */,
			);
			defaultConfigurationIsVisible = 0;
			defaultConfigurationName = Release;
		};
		343950EB27C0A34900E499B4 /* Build configuration list for PBXNativeTarget "assignment1UITests" */ = {
			isa = XCConfigurationList;
			buildConfigurations = (
				343950EC27C0A34900E499B4 /* Debug */,
				343950ED27C0A34900E499B4 /* Release */,
			);
			defaultConfigurationIsVisible = 0;
			defaultConfigurationName = Release;
		};
/* End XCConfigurationList section */

/* Begin XCVersionGroup section */
		343950C427C0A34700E499B4 /* assignment1.xcdatamodeld */ = {
			isa = XCVersionGroup;
			children = (
				343950C527C0A34700E499B4 /* assignment1.xcdatamodel */,
			);
			currentVersion = 343950C527C0A34700E499B4 /* assignment1.xcdatamodel */;
			path = assignment1.xcdatamodeld;
			sourceTree = "<group>";
			versionGroupType = wrapper.xcdatamodel;
		};
/* End XCVersionGroup section */
	};
	rootObject = 343950B027C0A34700E499B4 /* Project object */;
}
